# This file is automatically @generated by Cargo.
# It is not intended for manual editing.
version = 3

[[package]]
name = "mediumvec"
version = "1.2.0"
source = "registry+https://github.com/rust-lang/crates.io-index"
checksum = "a8b8e083db7e75cc22d421c241d2a927d8a6d7bcf24f0cf0fbdcd73027e5028e"

[[package]]
name = "raytracing"
version = "0.1.0"
dependencies = [
 "mediumvec",
]
